
Microsoft Visual Studio Solution File, Format Version 12.00
# Visual Studio Version 18
VisualStudioVersion = 18.6.11806.211
MinimumVisualStudioVersion = 10.0.40219.1
Project("{FAE04EC0-301F-11D3-BF4B-00C04F79EFBC}") = "CustomInventoryControl", "CustomInventoryControl.csproj", "{C7426D0B-03E0-BC25-03A5-7F483DCCC2FE}"
EndProject
Global
	GlobalSection(SolutionConfigurationPlatforms) = preSolution
		Debug|Any CPU = Debug|Any CPU
		Release|Any CPU = Release|Any CPU
	EndGlobalSection
	GlobalSection(ProjectConfigurationPlatforms) = postSolution
		{C7426D0B-03E0-BC25-03A5-7F483DCCC2FE}.Debug|Any CPU.ActiveCfg = Debug|Any CPU
		{C7426D0B-03E0-BC25-03A5-7F483DCCC2FE}.Debug|Any CPU.Build.0 = Debug|Any CPU
		{C7426D0B-03E0-BC25-03A5-7F483DCCC2FE}.Release|Any CPU.ActiveCfg = Release|Any CPU
		{C7426D0B-03E0-BC25-03A5-7F483DCCC2FE}.Release|Any CPU.Build.0 = Release|Any CPU
	EndGlobalSection
	GlobalSection(SolutionProperties) = preSolution
		HideSolutionNode = FALSE
	EndGlobalSection
	GlobalSection(ExtensibilityGlobals) = postSolution
		SolutionGuid = {4C2370B2-D0CA-4172-9272-716683EF818B}
	EndGlobalSection
EndGlobal
